
Microsoft Visual Studio Solution File, Format Version 12.00
# Visual Studio Version 17
VisualStudioVersion = 17.1.32407.343
MinimumVisualStudioVersion = 10.0.40219.1
Project("{FAE04EC0-301F-11D3-BF4B-00C04F79EFBC}") = "WPF_Learn", "WPF_Learn\WPF_Learn.csproj", "{EC9D0A4B-AB37-4C92-86C2-00D71B60A5C2}"
EndProject
Project("{FAE04EC0-301F-11D3-BF4B-00C04F79EFBC}") = "WPF_Style", "WPF_Style\WPF_Style.csproj", "{08830ACF-18E9-48C2-A5C8-EA7AC6E5A4B6}"
EndProject
Project("{FAE04EC0-301F-11D3-BF4B-00C04F79EFBC}") = "WPF_控件模板", "WPF_控件模板\WPF_控件模板.csproj", "{7A55D2E3-1C7C-4CF6-99D3-3B2C2FF76F41}"
EndProject
Project("{FAE04EC0-301F-11D3-BF4B-00C04F79EFBC}") = "WPF_数据模板", "WPF_数据模板\WPF_数据模板.csproj", "{34E20F56-A8DE-42C0-9AAF-8B4B6CF1648E}"
EndProject
Project("{FAE04EC0-301F-11D3-BF4B-00C04F79EFBC}") = "WPF_Binding", "WPF_Binding\WPF_Binding.csproj", "{13A6B9D6-D16E-4459-9452-5463E1991248}"
EndProject
Project("{FAE04EC0-301F-11D3-BF4B-00C04F79EFBC}") = "WPF_Command", "WPF_Command\WPF_Command.csproj", "{671CFA80-CFE1-4E4F-9641-B5F5F248343C}"
EndProject
Global
	GlobalSection(SolutionConfigurationPlatforms) = preSolution
		Debug|Any CPU = Debug|Any CPU
		Release|Any CPU = Release|Any CPU
	EndGlobalSection
	GlobalSection(ProjectConfigurationPlatforms) = postSolution
		{EC9D0A4B-AB37-4C92-86C2-00D71B60A5C2}.Debug|Any CPU.ActiveCfg = Debug|Any CPU
		{EC9D0A4B-AB37-4C92-86C2-00D71B60A5C2}.Debug|Any CPU.Build.0 = Debug|Any CPU
		{EC9D0A4B-AB37-4C92-86C2-00D71B60A5C2}.Release|Any CPU.ActiveCfg = Release|Any CPU
		{EC9D0A4B-AB37-4C92-86C2-00D71B60A5C2}.Release|Any CPU.Build.0 = Release|Any CPU
		{08830ACF-18E9-48C2-A5C8-EA7AC6E5A4B6}.Debug|Any CPU.ActiveCfg = Debug|Any CPU
		{08830ACF-18E9-48C2-A5C8-EA7AC6E5A4B6}.Debug|Any CPU.Build.0 = Debug|Any CPU
		{08830ACF-18E9-48C2-A5C8-EA7AC6E5A4B6}.Release|Any CPU.ActiveCfg = Release|Any CPU
		{08830ACF-18E9-48C2-A5C8-EA7AC6E5A4B6}.Release|Any CPU.Build.0 = Release|Any CPU
		{7A55D2E3-1C7C-4CF6-99D3-3B2C2FF76F41}.Debug|Any CPU.ActiveCfg = Debug|Any CPU
		{7A55D2E3-1C7C-4CF6-99D3-3B2C2FF76F41}.Debug|Any CPU.Build.0 = Debug|Any CPU
		{7A55D2E3-1C7C-4CF6-99D3-3B2C2FF76F41}.Release|Any CPU.ActiveCfg = Release|Any CPU
		{7A55D2E3-1C7C-4CF6-99D3-3B2C2FF76F41}.Release|Any CPU.Build.0 = Release|Any CPU
		{34E20F56-A8DE-42C0-9AAF-8B4B6CF1648E}.Debug|Any CPU.ActiveCfg = Debug|Any CPU
		{34E20F56-A8DE-42C0-9AAF-8B4B6CF1648E}.Debug|Any CPU.Build.0 = Debug|Any CPU
		{34E20F56-A8DE-42C0-9AAF-8B4B6CF1648E}.Release|Any CPU.ActiveCfg = Release|Any CPU
		{34E20F56-A8DE-42C0-9AAF-8B4B6CF1648E}.Release|Any CPU.Build.0 = Release|Any CPU
		{13A6B9D6-D16E-4459-9452-5463E1991248}.Debug|Any CPU.ActiveCfg = Debug|Any CPU
		{13A6B9D6-D16E-4459-9452-5463E1991248}.Debug|Any CPU.Build.0 = Debug|Any CPU
		{13A6B9D6-D16E-4459-9452-5463E1991248}.Release|Any CPU.ActiveCfg = Release|Any CPU
		{13A6B9D6-D16E-4459-9452-5463E1991248}.Release|Any CPU.Build.0 = Release|Any CPU
		{671CFA80-CFE1-4E4F-9641-B5F5F248343C}.Debug|Any CPU.ActiveCfg = Debug|Any CPU
		{671CFA80-CFE1-4E4F-9641-B5F5F248343C}.Debug|Any CPU.Build.0 = Debug|Any CPU
		{671CFA80-CFE1-4E4F-9641-B5F5F248343C}.Release|Any CPU.ActiveCfg = Release|Any CPU
		{671CFA80-CFE1-4E4F-9641-B5F5F248343C}.Release|Any CPU.Build.0 = Release|Any CPU
	EndGlobalSection
	GlobalSection(SolutionProperties) = preSolution
		HideSolutionNode = FALSE
	EndGlobalSection
	GlobalSection(ExtensibilityGlobals) = postSolution
		SolutionGuid = {C66A6B98-996C-4568-BA2C-0F902CB8F9C7}
	EndGlobalSection
EndGlobal
