
Microsoft Visual Studio Solution File, Format Version 12.00
# Visual Studio Version 17
VisualStudioVersion = 17.1.32407.343
MinimumVisualStudioVersion = 10.0.40219.1
Project("{FAE04EC0-301F-11D3-BF4B-00C04F79EFBC}") = "WPF_样式基础", "WPF_Style\WPF_样式基础.csproj", "{08830ACF-18E9-48C2-A5C8-EA7AC6E5A4B6}"
EndProject
Project("{FAE04EC0-301F-11D3-BF4B-00C04F79EFBC}") = "WPF_控件模板", "WPF_控件模板\WPF_控件模板.csproj", "{7A55D2E3-1C7C-4CF6-99D3-3B2C2FF76F41}"
EndProject
Project("{FAE04EC0-301F-11D3-BF4B-00C04F79EFBC}") = "WPF_数据模板", "WPF_数据模板\WPF_数据模板.csproj", "{34E20F56-A8DE-42C0-9AAF-8B4B6CF1648E}"
EndProject
Project("{FAE04EC0-301F-11D3-BF4B-00C04F79EFBC}") = "WPF_Binding", "WPF_Binding\WPF_Binding.csproj", "{13A6B9D6-D16E-4459-9452-5463E1991248}"
EndProject
Project("{FAE04EC0-301F-11D3-BF4B-00C04F79EFBC}") = "WPF_Command", "WPF_Command\WPF_Command.csproj", "{671CFA80-CFE1-4E4F-9641-B5F5F248343C}"
EndProject
Project("{FAE04EC0-301F-11D3-BF4B-00C04F79EFBC}") = "极客学院_内容控件", "极客学院_内容控件\极客学院_内容控件.csproj", "{A2C6AFB3-FCE2-4CD0-97DA-D5D8493D1279}"
EndProject
Project("{FAE04EC0-301F-11D3-BF4B-00C04F79EFBC}") = "极客学院_MenuControls", "极客学院_MenuControls\极客学院_MenuControls.csproj", "{AB16EBD9-0552-4F0D-9208-E78FB28D45B0}"
EndProject
Project("{FAE04EC0-301F-11D3-BF4B-00C04F79EFBC}") = "极客学院_Binding", "极客学院_Binding\极客学院_Binding.csproj", "{26CCA271-E458-43B7-AEAD-E6FB11EACA2F}"
EndProject
Project("{FAE04EC0-301F-11D3-BF4B-00C04F79EFBC}") = "WPF_INotifyPropertyChanged", "WPF_INotifyPropertyChanged\WPF_INotifyPropertyChanged.csproj", "{866C3125-63C9-4E57-81E7-808EDA7969A8}"
EndProject
Project("{FAE04EC0-301F-11D3-BF4B-00C04F79EFBC}") = "极客学院_Binding_集合对象", "极客学院_Binding_集合对象\极客学院_Binding_集合对象.csproj", "{B7894A2B-17A3-4242-998A-57F6FB2B1A31}"
EndProject
Project("{FAE04EC0-301F-11D3-BF4B-00C04F79EFBC}") = "WPF_布局基础", "WPF_Learn\WPF_布局基础.csproj", "{EC9D0A4B-AB37-4C92-86C2-00D71B60A5C2}"
EndProject
Project("{FAE04EC0-301F-11D3-BF4B-00C04F79EFBC}") = "A_WPF拖放功能_图片文字", "A_WPF拖放功能_图片文字\A_WPF拖放功能_图片文字.csproj", "{66CDD30E-3FC5-42CE-8312-9042F94CD586}"
EndProject
Project("{FAE04EC0-301F-11D3-BF4B-00C04F79EFBC}") = "A_WPF窗体接受外部文件", "A_WPF窗体接受外部文件\A_WPF窗体接受外部文件.csproj", "{E14E74DC-C839-4832-AF06-86556CCE3BB1}"
EndProject
Project("{FAE04EC0-301F-11D3-BF4B-00C04F79EFBC}") = "极客学院_CollectionControls", "极客学院_ComboBox\极客学院_CollectionControls.csproj", "{43B2AEE9-E7C7-418F-AFE4-7289F0998EE7}"
EndProject
Project("{FAE04EC0-301F-11D3-BF4B-00C04F79EFBC}") = "A_PasswordTest", "A_PasswordTest\A_PasswordTest.csproj", "{CDEAD29C-8EA7-478B-BA5B-FBBBC51649FA}"
EndProject
Project("{FAE04EC0-301F-11D3-BF4B-00C04F79EFBC}") = "TreeViewTest", "TreeViewTest\TreeViewTest.csproj", "{E0FB684D-207B-4169-9E7E-2AA5A230A0F7}"
EndProject
Project("{FAE04EC0-301F-11D3-BF4B-00C04F79EFBC}") = "A_TreeView", "A_TreeView\A_TreeView.csproj", "{AB36EA3F-ECFE-4FA1-A9A5-E72B1ECE6DAC}"
EndProject
Project("{FAE04EC0-301F-11D3-BF4B-00C04F79EFBC}") = "WPF_数据模板_ListBox_base", "WPF_数据模板_ListBox\WPF_数据模板_ListBox_base.csproj", "{363E4418-F589-40E6-92F4-1FE2C4BCDC5A}"
EndProject
Project("{FAE04EC0-301F-11D3-BF4B-00C04F79EFBC}") = "WPF_数据模板_ListBox_DataTemplate", "WPF_数据模板_ListBox_DataTemplate\WPF_数据模板_ListBox_DataTemplate.csproj", "{2401731B-3348-444E-9D37-DAF1CDE2FF41}"
EndProject
Global
	GlobalSection(SolutionConfigurationPlatforms) = preSolution
		Debug|Any CPU = Debug|Any CPU
		Release|Any CPU = Release|Any CPU
	EndGlobalSection
	GlobalSection(ProjectConfigurationPlatforms) = postSolution
		{08830ACF-18E9-48C2-A5C8-EA7AC6E5A4B6}.Debug|Any CPU.ActiveCfg = Debug|Any CPU
		{08830ACF-18E9-48C2-A5C8-EA7AC6E5A4B6}.Debug|Any CPU.Build.0 = Debug|Any CPU
		{08830ACF-18E9-48C2-A5C8-EA7AC6E5A4B6}.Release|Any CPU.ActiveCfg = Release|Any CPU
		{08830ACF-18E9-48C2-A5C8-EA7AC6E5A4B6}.Release|Any CPU.Build.0 = Release|Any CPU
		{7A55D2E3-1C7C-4CF6-99D3-3B2C2FF76F41}.Debug|Any CPU.ActiveCfg = Debug|Any CPU
		{7A55D2E3-1C7C-4CF6-99D3-3B2C2FF76F41}.Debug|Any CPU.Build.0 = Debug|Any CPU
		{7A55D2E3-1C7C-4CF6-99D3-3B2C2FF76F41}.Release|Any CPU.ActiveCfg = Release|Any CPU
		{7A55D2E3-1C7C-4CF6-99D3-3B2C2FF76F41}.Release|Any CPU.Build.0 = Release|Any CPU
		{34E20F56-A8DE-42C0-9AAF-8B4B6CF1648E}.Debug|Any CPU.ActiveCfg = Debug|Any CPU
		{34E20F56-A8DE-42C0-9AAF-8B4B6CF1648E}.Debug|Any CPU.Build.0 = Debug|Any CPU
		{34E20F56-A8DE-42C0-9AAF-8B4B6CF1648E}.Release|Any CPU.ActiveCfg = Release|Any CPU
		{34E20F56-A8DE-42C0-9AAF-8B4B6CF1648E}.Release|Any CPU.Build.0 = Release|Any CPU
		{13A6B9D6-D16E-4459-9452-5463E1991248}.Debug|Any CPU.ActiveCfg = Debug|Any CPU
		{13A6B9D6-D16E-4459-9452-5463E1991248}.Debug|Any CPU.Build.0 = Debug|Any CPU
		{13A6B9D6-D16E-4459-9452-5463E1991248}.Release|Any CPU.ActiveCfg = Release|Any CPU
		{13A6B9D6-D16E-4459-9452-5463E1991248}.Release|Any CPU.Build.0 = Release|Any CPU
		{671CFA80-CFE1-4E4F-9641-B5F5F248343C}.Debug|Any CPU.ActiveCfg = Debug|Any CPU
		{671CFA80-CFE1-4E4F-9641-B5F5F248343C}.Debug|Any CPU.Build.0 = Debug|Any CPU
		{671CFA80-CFE1-4E4F-9641-B5F5F248343C}.Release|Any CPU.ActiveCfg = Release|Any CPU
		{671CFA80-CFE1-4E4F-9641-B5F5F248343C}.Release|Any CPU.Build.0 = Release|Any CPU
		{A2C6AFB3-FCE2-4CD0-97DA-D5D8493D1279}.Debug|Any CPU.ActiveCfg = Debug|Any CPU
		{A2C6AFB3-FCE2-4CD0-97DA-D5D8493D1279}.Debug|Any CPU.Build.0 = Debug|Any CPU
		{A2C6AFB3-FCE2-4CD0-97DA-D5D8493D1279}.Release|Any CPU.ActiveCfg = Release|Any CPU
		{A2C6AFB3-FCE2-4CD0-97DA-D5D8493D1279}.Release|Any CPU.Build.0 = Release|Any CPU
		{AB16EBD9-0552-4F0D-9208-E78FB28D45B0}.Debug|Any CPU.ActiveCfg = Debug|Any CPU
		{AB16EBD9-0552-4F0D-9208-E78FB28D45B0}.Debug|Any CPU.Build.0 = Debug|Any CPU
		{AB16EBD9-0552-4F0D-9208-E78FB28D45B0}.Release|Any CPU.ActiveCfg = Release|Any CPU
		{AB16EBD9-0552-4F0D-9208-E78FB28D45B0}.Release|Any CPU.Build.0 = Release|Any CPU
		{26CCA271-E458-43B7-AEAD-E6FB11EACA2F}.Debug|Any CPU.ActiveCfg = Debug|Any CPU
		{26CCA271-E458-43B7-AEAD-E6FB11EACA2F}.Debug|Any CPU.Build.0 = Debug|Any CPU
		{26CCA271-E458-43B7-AEAD-E6FB11EACA2F}.Release|Any CPU.ActiveCfg = Release|Any CPU
		{26CCA271-E458-43B7-AEAD-E6FB11EACA2F}.Release|Any CPU.Build.0 = Release|Any CPU
		{866C3125-63C9-4E57-81E7-808EDA7969A8}.Debug|Any CPU.ActiveCfg = Debug|Any CPU
		{866C3125-63C9-4E57-81E7-808EDA7969A8}.Debug|Any CPU.Build.0 = Debug|Any CPU
		{866C3125-63C9-4E57-81E7-808EDA7969A8}.Release|Any CPU.ActiveCfg = Release|Any CPU
		{866C3125-63C9-4E57-81E7-808EDA7969A8}.Release|Any CPU.Build.0 = Release|Any CPU
		{B7894A2B-17A3-4242-998A-57F6FB2B1A31}.Debug|Any CPU.ActiveCfg = Debug|Any CPU
		{B7894A2B-17A3-4242-998A-57F6FB2B1A31}.Debug|Any CPU.Build.0 = Debug|Any CPU
		{B7894A2B-17A3-4242-998A-57F6FB2B1A31}.Release|Any CPU.ActiveCfg = Release|Any CPU
		{B7894A2B-17A3-4242-998A-57F6FB2B1A31}.Release|Any CPU.Build.0 = Release|Any CPU
		{EC9D0A4B-AB37-4C92-86C2-00D71B60A5C2}.Debug|Any CPU.ActiveCfg = Debug|Any CPU
		{EC9D0A4B-AB37-4C92-86C2-00D71B60A5C2}.Debug|Any CPU.Build.0 = Debug|Any CPU
		{EC9D0A4B-AB37-4C92-86C2-00D71B60A5C2}.Release|Any CPU.ActiveCfg = Release|Any CPU
		{EC9D0A4B-AB37-4C92-86C2-00D71B60A5C2}.Release|Any CPU.Build.0 = Release|Any CPU
		{66CDD30E-3FC5-42CE-8312-9042F94CD586}.Debug|Any CPU.ActiveCfg = Debug|Any CPU
		{66CDD30E-3FC5-42CE-8312-9042F94CD586}.Debug|Any CPU.Build.0 = Debug|Any CPU
		{66CDD30E-3FC5-42CE-8312-9042F94CD586}.Release|Any CPU.ActiveCfg = Release|Any CPU
		{66CDD30E-3FC5-42CE-8312-9042F94CD586}.Release|Any CPU.Build.0 = Release|Any CPU
		{E14E74DC-C839-4832-AF06-86556CCE3BB1}.Debug|Any CPU.ActiveCfg = Debug|Any CPU
		{E14E74DC-C839-4832-AF06-86556CCE3BB1}.Debug|Any CPU.Build.0 = Debug|Any CPU
		{E14E74DC-C839-4832-AF06-86556CCE3BB1}.Release|Any CPU.ActiveCfg = Release|Any CPU
		{E14E74DC-C839-4832-AF06-86556CCE3BB1}.Release|Any CPU.Build.0 = Release|Any CPU
		{43B2AEE9-E7C7-418F-AFE4-7289F0998EE7}.Debug|Any CPU.ActiveCfg = Debug|Any CPU
		{43B2AEE9-E7C7-418F-AFE4-7289F0998EE7}.Debug|Any CPU.Build.0 = Debug|Any CPU
		{43B2AEE9-E7C7-418F-AFE4-7289F0998EE7}.Release|Any CPU.ActiveCfg = Release|Any CPU
		{43B2AEE9-E7C7-418F-AFE4-7289F0998EE7}.Release|Any CPU.Build.0 = Release|Any CPU
		{CDEAD29C-8EA7-478B-BA5B-FBBBC51649FA}.Debug|Any CPU.ActiveCfg = Debug|Any CPU
		{CDEAD29C-8EA7-478B-BA5B-FBBBC51649FA}.Debug|Any CPU.Build.0 = Debug|Any CPU
		{CDEAD29C-8EA7-478B-BA5B-FBBBC51649FA}.Release|Any CPU.ActiveCfg = Release|Any CPU
		{CDEAD29C-8EA7-478B-BA5B-FBBBC51649FA}.Release|Any CPU.Build.0 = Release|Any CPU
		{E0FB684D-207B-4169-9E7E-2AA5A230A0F7}.Debug|Any CPU.ActiveCfg = Debug|Any CPU
		{E0FB684D-207B-4169-9E7E-2AA5A230A0F7}.Debug|Any CPU.Build.0 = Debug|Any CPU
		{E0FB684D-207B-4169-9E7E-2AA5A230A0F7}.Release|Any CPU.ActiveCfg = Release|Any CPU
		{E0FB684D-207B-4169-9E7E-2AA5A230A0F7}.Release|Any CPU.Build.0 = Release|Any CPU
		{AB36EA3F-ECFE-4FA1-A9A5-E72B1ECE6DAC}.Debug|Any CPU.ActiveCfg = Debug|Any CPU
		{AB36EA3F-ECFE-4FA1-A9A5-E72B1ECE6DAC}.Debug|Any CPU.Build.0 = Debug|Any CPU
		{AB36EA3F-ECFE-4FA1-A9A5-E72B1ECE6DAC}.Release|Any CPU.ActiveCfg = Release|Any CPU
		{AB36EA3F-ECFE-4FA1-A9A5-E72B1ECE6DAC}.Release|Any CPU.Build.0 = Release|Any CPU
		{363E4418-F589-40E6-92F4-1FE2C4BCDC5A}.Debug|Any CPU.ActiveCfg = Debug|Any CPU
		{363E4418-F589-40E6-92F4-1FE2C4BCDC5A}.Debug|Any CPU.Build.0 = Debug|Any CPU
		{363E4418-F589-40E6-92F4-1FE2C4BCDC5A}.Release|Any CPU.ActiveCfg = Release|Any CPU
		{363E4418-F589-40E6-92F4-1FE2C4BCDC5A}.Release|Any CPU.Build.0 = Release|Any CPU
		{2401731B-3348-444E-9D37-DAF1CDE2FF41}.Debug|Any CPU.ActiveCfg = Debug|Any CPU
		{2401731B-3348-444E-9D37-DAF1CDE2FF41}.Debug|Any CPU.Build.0 = Debug|Any CPU
		{2401731B-3348-444E-9D37-DAF1CDE2FF41}.Release|Any CPU.ActiveCfg = Release|Any CPU
		{2401731B-3348-444E-9D37-DAF1CDE2FF41}.Release|Any CPU.Build.0 = Release|Any CPU
	EndGlobalSection
	GlobalSection(SolutionProperties) = preSolution
		HideSolutionNode = FALSE
	EndGlobalSection
	GlobalSection(ExtensibilityGlobals) = postSolution
		SolutionGuid = {C66A6B98-996C-4568-BA2C-0F902CB8F9C7}
	EndGlobalSection
EndGlobal
